
Microsoft Visual Studio Solution File, Format Version 12.00
# Visual Studio Version 17
VisualStudioVersion = 17.4.33213.308
MinimumVisualStudioVersion = 10.0.40219.1
Project("{9A19103F-16F7-4668-BE54-9A1E7A4F7556}") = "PrimeSpiral", "PrimeSpiral\PrimeSpiral.csproj", "{2BE693DF-8CE3-4809-9FE3-DD30526312DA}"
EndProject
Project("{9A19103F-16F7-4668-BE54-9A1E7A4F7556}") = "PrimeSpiral.Gtk", "PrimeSpiral.Gtk\PrimeSpiral.Gtk.csproj", "{80A27935-7F9B-4DE0-9CF9-82C6DED29D47}"
EndProject
Global
	GlobalSection(SolutionConfigurationPlatforms) = preSolution
		Debug|Any CPU = Debug|Any CPU
		Release|Any CPU = Release|Any CPU
	EndGlobalSection
	GlobalSection(ProjectConfigurationPlatforms) = postSolution
		{2BE693DF-8CE3-4809-9FE3-DD30526312DA}.Debug|Any CPU.ActiveCfg = Debug|Any CPU
		{2BE693DF-8CE3-4809-9FE3-DD30526312DA}.Debug|Any CPU.Build.0 = Debug|Any CPU
		{2BE693DF-8CE3-4809-9FE3-DD30526312DA}.Release|Any CPU.ActiveCfg = Release|Any CPU
		{2BE693DF-8CE3-4809-9FE3-DD30526312DA}.Release|Any CPU.Build.0 = Release|Any CPU
		{80A27935-7F9B-4DE0-9CF9-82C6DED29D47}.Debug|Any CPU.ActiveCfg = Debug|Any CPU
		{80A27935-7F9B-4DE0-9CF9-82C6DED29D47}.Debug|Any CPU.Build.0 = Debug|Any CPU
		{80A27935-7F9B-4DE0-9CF9-82C6DED29D47}.Release|Any CPU.ActiveCfg = Release|Any CPU
		{80A27935-7F9B-4DE0-9CF9-82C6DED29D47}.Release|Any CPU.Build.0 = Release|Any CPU
	EndGlobalSection
	GlobalSection(SolutionProperties) = preSolution
		HideSolutionNode = FALSE
	EndGlobalSection
	GlobalSection(ExtensibilityGlobals) = postSolution
		SolutionGuid = {BF07D106-B20E-4217-8DAD-F253D6CB6014}
	EndGlobalSection
EndGlobal
